
Microsoft Visual Studio Solution File, Format Version 12.00
# Visual Studio Version 17
VisualStudioVersion = 17.13.35931.197
MinimumVisualStudioVersion = 10.0.40219.1
Project("{FAE04EC0-301F-11D3-BF4B-00C04F79EFBC}") = "WpfBasicApp01", "WpfBasicApp01\WpfBasicApp01.csproj", "{80C2FE36-76CC-4F75-968F-F6486DAE2E09}"
EndProject
Project("{FAE04EC0-301F-11D3-BF4B-00C04F79EFBC}") = "WpfBookRentalShop01", "WpfBookRentalShop01\WpfBookRentalShop01.csproj", "{99E7A1B1-BB93-4993-9CB9-4121D73D366D}"
EndProject
Global
	GlobalSection(SolutionConfigurationPlatforms) = preSolution
		Debug|Any CPU = Debug|Any CPU
		Release|Any CPU = Release|Any CPU
	EndGlobalSection
	GlobalSection(ProjectConfigurationPlatforms) = postSolution
		{80C2FE36-76CC-4F75-968F-F6486DAE2E09}.Debug|Any CPU.ActiveCfg = Debug|Any CPU
		{80C2FE36-76CC-4F75-968F-F6486DAE2E09}.Debug|Any CPU.Build.0 = Debug|Any CPU
		{80C2FE36-76CC-4F75-968F-F6486DAE2E09}.Release|Any CPU.ActiveCfg = Release|Any CPU
		{80C2FE36-76CC-4F75-968F-F6486DAE2E09}.Release|Any CPU.Build.0 = Release|Any CPU
		{99E7A1B1-BB93-4993-9CB9-4121D73D366D}.Debug|Any CPU.ActiveCfg = Debug|Any CPU
		{99E7A1B1-BB93-4993-9CB9-4121D73D366D}.Debug|Any CPU.Build.0 = Debug|Any CPU
		{99E7A1B1-BB93-4993-9CB9-4121D73D366D}.Release|Any CPU.ActiveCfg = Release|Any CPU
		{99E7A1B1-BB93-4993-9CB9-4121D73D366D}.Release|Any CPU.Build.0 = Release|Any CPU
	EndGlobalSection
	GlobalSection(SolutionProperties) = preSolution
		HideSolutionNode = FALSE
	EndGlobalSection
	GlobalSection(ExtensibilityGlobals) = postSolution
		SolutionGuid = {435F8085-52EB-449B-BD6B-B12508119114}
	EndGlobalSection
EndGlobal
